
Microsoft Visual Studio Solution File, Format Version 12.00
# Visual Studio Version 17
VisualStudioVersion = 17.3.32819.101
MinimumVisualStudioVersion = 10.0.40219.1
Project("{FAE04EC0-301F-11D3-BF4B-00C04F79EFBC}") = "My_First_WPF", "My_First_WPF\My_First_WPF.csproj", "{C00F26D9-4319-4C41-87B9-5D6439B79BB9}"
EndProject
Global
	GlobalSection(SolutionConfigurationPlatforms) = preSolution
		Debug|Any CPU = Debug|Any CPU
		Release|Any CPU = Release|Any CPU
	EndGlobalSection
	GlobalSection(ProjectConfigurationPlatforms) = postSolution
		{C00F26D9-4319-4C41-87B9-5D6439B79BB9}.Debug|Any CPU.ActiveCfg = Debug|Any CPU
		{C00F26D9-4319-4C41-87B9-5D6439B79BB9}.Debug|Any CPU.Build.0 = Debug|Any CPU
		{C00F26D9-4319-4C41-87B9-5D6439B79BB9}.Release|Any CPU.ActiveCfg = Release|Any CPU
		{C00F26D9-4319-4C41-87B9-5D6439B79BB9}.Release|Any CPU.Build.0 = Release|Any CPU
	EndGlobalSection
	GlobalSection(SolutionProperties) = preSolution
		HideSolutionNode = FALSE
	EndGlobalSection
	GlobalSection(ExtensibilityGlobals) = postSolution
		SolutionGuid = {7322E17C-89A3-4D41-8546-1A6365EE6922}
	EndGlobalSection
EndGlobal
